// !$*UTF8*$!
{
	archiveVersion = 1;
	classes = {
	};
	objectVersion = 56;
	objects = {

/* Begin PBXBuildFile section */
		703D422E28D15ED100C03C3E /* AppDelegate.swift in Sources */ = {isa = PBXBuildFile; fileRef = 703D422D28D15ED100C03C3E /* AppDelegate.swift */; };
		703D423028D15ED100C03C3E /* SceneDelegate.swift in Sources */ = {isa = PBXBuildFile; fileRef = 703D422F28D15ED100C03C3E /* SceneDelegate.swift */; };
		703D423228D15ED100C03C3E /* ViewController.swift in Sources */ = {isa = PBXBuildFile; fileRef = 703D423128D15ED100C03C3E /* ViewController.swift */; };
		703D423528D15ED100C03C3E /* Main.storyboard in Resources */ = {isa = PBXBuildFile; fileRef = 703D423328D15ED100C03C3E /* Main.storyboard */; };
		703D423728D15ED200C03C3E /* Assets.xcassets in Resources */ = {isa = PBXBuildFile; fileRef = 703D423628D15ED200C03C3E /* Assets.xcassets */; };
		703D423A28D15ED200C03C3E /* LaunchScreen.storyboard in Resources */ = {isa = PBXBuildFile; fileRef = 703D423828D15ED200C03C3E /* LaunchScreen.storyboard */; };
		703D424828D15EEF00C03C3E /* 01.png in Resources */ = {isa = PBXBuildFile; fileRef = 703D424228D15EEF00C03C3E /* 01.png */; };
		703D424928D15EEF00C03C3E /* 03.png in Resources */ = {isa = PBXBuildFile; fileRef = 703D424328D15EEF00C03C3E /* 03.png */; };
		703D424A28D15EEF00C03C3E /* 04.png in Resources */ = {isa = PBXBuildFile; fileRef = 703D424428D15EEF00C03C3E /* 04.png */; };
		703D424B28D15EEF00C03C3E /* 02.png in Resources */ = {isa = PBXBuildFile; fileRef = 703D424528D15EEF00C03C3E /* 02.png */; };
		703D424C28D15EEF00C03C3E /* 06.png in Resources */ = {isa = PBXBuildFile; fileRef = 703D424628D15EEF00C03C3E /* 06.png */; };
		703D424D28D15EEF00C03C3E /* 05.png in Resources */ = {isa = PBXBuildFile; fileRef = 703D424728D15EEF00C03C3E /* 05.png */; };
/* End PBXBuildFile section */

/* Begin PBXFileReference section */
		703D422A28D15ED100C03C3E /* PageControl.app */ = {isa = PBXFileReference; explicitFileType = wrapper.application; includeInIndex = 0; path = PageControl.app; sourceTree = BUILT_PRODUCTS_DIR; };
		703D422D28D15ED100C03C3E /* AppDelegate.swift */ = {isa = PBXFileReference; lastKnownFileType = sourcecode.swift; path = AppDelegate.swift; sourceTree = "<group>"; };
		703D422F28D15ED100C03C3E /* SceneDelegate.swift */ = {isa = PBXFileReference; lastKnownFileType = sourcecode.swift; path = SceneDelegate.swift; sourceTree = "<group>"; };
		703D423128D15ED100C03C3E /* ViewController.swift */ = {isa = PBXFileReference; lastKnownFileType = sourcecode.swift; path = ViewController.swift; sourceTree = "<group>"; };
		703D423428D15ED100C03C3E /* Base */ = {isa = PBXFileReference; lastKnownFileType = file.storyboard; name = Base; path = Base.lproj/Main.storyboard; sourceTree = "<group>"; };
		703D423628D15ED200C03C3E /* Assets.xcassets */ = {isa = PBXFileReference; lastKnownFileType = folder.assetcatalog; path = Assets.xcassets; sourceTree = "<group>"; };
		703D423928D15ED200C03C3E /* Base */ = {isa = PBXFileReference; lastKnownFileType = file.storyboard; name = Base; path = Base.lproj/LaunchScreen.storyboard; sourceTree = "<group>"; };
		703D423B28D15ED200C03C3E /* Info.plist */ = {isa = PBXFileReference; lastKnownFileType = text.plist.xml; path = Info.plist; sourceTree = "<group>"; };
		703D424228D15EEF00C03C3E /* 01.png */ = {isa = PBXFileReference; lastKnownFileType = image.png; path = 01.png; sourceTree = "<group>"; };
		703D424328D15EEF00C03C3E /* 03.png */ = {isa = PBXFileReference; lastKnownFileType = image.png; path = 03.png; sourceTree = "<group>"; };
		703D424428D15EEF00C03C3E /* 04.png */ = {isa = PBXFileReference; lastKnownFileType = image.png; path = 04.png; sourceTree = "<group>"; };
		703D424528D15EEF00C03C3E /* 02.png */ = {isa = PBXFileReference; lastKnownFileType = image.png; path = 02.png; sourceTree = "<group>"; };
		703D424628D15EEF00C03C3E /* 06.png */ = {isa = PBXFileReference; lastKnownFileType = image.png; path = 06.png; sourceTree = "<group>"; };
		703D424728D15EEF00C03C3E /* 05.png */ = {isa = PBXFileReference; lastKnownFileType = image.png; path = 05.png; sourceTree = "<group>"; };
/* End PBXFileReference section */

/* Begin PBXFrameworksBuildPhase section */
		703D422728D15ED100C03C3E /* Frameworks */ = {
			isa = PBXFrameworksBuildPhase;
			buildActionMask = 2147483647;
			files = (
			);
			runOnlyForDeploymentPostprocessing = 0;
		};
/* End PBXFrameworksBuildPhase section */

/* Begin PBXGroup section */
		703D422128D15ED100C03C3E = {
			isa = PBXGroup;
			children = (
				703D422C28D15ED100C03C3E /* PageControl */,
				703D422B28D15ED100C03C3E /* Products */,
			);
			sourceTree = "<group>";
		};
		703D422B28D15ED100C03C3E /* Products */ = {
			isa = PBXGroup;
			children = (
				703D422A28D15ED100C03C3E /* PageControl.app */,
			);
			name = Products;
			sourceTree = "<group>";
		};
		703D422C28D15ED100C03C3E /* PageControl */ = {
			isa = PBXGroup;
			children = (
				703D424128D15EDA00C03C3E /* images */,
				703D422D28D15ED100C03C3E /* AppDelegate.swift */,
				703D422F28D15ED100C03C3E /* SceneDelegate.swift */,
				703D423128D15ED100C03C3E /* ViewController.swift */,
				703D423328D15ED100C03C3E /* Main.storyboard */,
				703D423628D15ED200C03C3E /* Assets.xcassets */,
				703D423828D15ED200C03C3E /* LaunchScreen.storyboard */,
				703D423B28D15ED200C03C3E /* Info.plist */,
			);
			path = PageControl;
			sourceTree = "<group>";
		};
		703D424128D15EDA00C03C3E /* images */ = {
			isa = PBXGroup;
			children = (
				703D424228D15EEF00C03C3E /* 01.png */,
				703D424528D15EEF00C03C3E /* 02.png */,
				703D424328D15EEF00C03C3E /* 03.png */,
				703D424428D15EEF00C03C3E /* 04.png */,
				703D424728D15EEF00C03C3E /* 05.png */,
				703D424628D15EEF00C03C3E /* 06.png */,
			);
			path = images;
			sourceTree = "<group>";
		};
/* End PBXGroup section */

/* Begin PBXNativeTarget section */
		703D422928D15ED100C03C3E /* PageControl */ = {
			isa = PBXNativeTarget;
			buildConfigurationList = 703D423E28D15ED200C03C3E /* Build configuration list for PBXNativeTarget "PageControl" */;
			buildPhases = (
				703D422628D15ED100C03C3E /* Sources */,
				703D422728D15ED100C03C3E /* Frameworks */,
				703D422828D15ED100C03C3E /* Resources */,
			);
			buildRules = (
			);
			dependencies = (
			);
			name = PageControl;
			productName = PageControl;
			productReference = 703D422A28D15ED100C03C3E /* PageControl.app */;
			productType = "com.apple.product-type.application";
		};
/* End PBXNativeTarget section */

/* Begin PBXProject section */
		703D422228D15ED100C03C3E /* Project object */ = {
			isa = PBXProject;
			attributes = {
				BuildIndependentTargetsInParallel = 1;
				LastSwiftUpdateCheck = 1400;
				LastUpgradeCheck = 1400;
				TargetAttributes = {
					703D422928D15ED100C03C3E = {
						CreatedOnToolsVersion = 14.0;
					};
				};
			};
			buildConfigurationList = 703D422528D15ED100C03C3E /* Build configuration list for PBXProject "PageControl" */;
			compatibilityVersion = "Xcode 14.0";
			developmentRegion = en;
			hasScannedForEncodings = 0;
			knownRegions = (
				en,
				Base,
			);
			mainGroup = 703D422128D15ED100C03C3E;
			productRefGroup = 703D422B28D15ED100C03C3E /* Products */;
			projectDirPath = "";
			projectRoot = "";
			targets = (
				703D422928D15ED100C03C3E /* PageControl */,
			);
		};
/* End PBXProject section */

/* Begin PBXResourcesBuildPhase section */
		703D422828D15ED100C03C3E /* Resources */ = {
			isa = PBXResourcesBuildPhase;
			buildActionMask = 2147483647;
			files = (
				703D424928D15EEF00C03C3E /* 03.png in Resources */,
				703D423A28D15ED200C03C3E /* LaunchScreen.storyboard in Resources */,
				703D423728D15ED200C03C3E /* Assets.xcassets in Resources */,
				703D424B28D15EEF00C03C3E /* 02.png in Resources */,
				703D424A28D15EEF00C03C3E /* 04.png in Resources */,
				703D424D28D15EEF00C03C3E /* 05.png in Resources */,
				703D424828D15EEF00C03C3E /* 01.png in Resources */,
				703D423528D15ED100C03C3E /* Main.storyboard in Resources */,
				703D424C28D15EEF00C03C3E /* 06.png in Resources */,
			);
			runOnlyForDeploymentPostprocessing = 0;
		};
/* End PBXResourcesBuildPhase section */

/* Begin PBXSourcesBuildPhase section */
		703D422628D15ED100C03C3E /* Sources */ = {
			isa = PBXSourcesBuildPhase;
			buildActionMask = 2147483647;
			files = (
				703D423228D15ED100C03C3E /* ViewController.swift in Sources */,
				703D422E28D15ED100C03C3E /* AppDelegate.swift in Sources */,
				703D423028D15ED100C03C3E /* SceneDelegate.swift in Sources */,
			);
			runOnlyForDeploymentPostprocessing = 0;
		};
/* End PBXSourcesBuildPhase section */

/* Begin PBXVariantGroup section */
		703D423328D15ED100C03C3E /* Main.storyboard */ = {
			isa = PBXVariantGroup;
			children = (
				703D423428D15ED100C03C3E /* Base */,
			);
			name = Main.storyboard;
			sourceTree = "<group>";
		};
		703D423828D15ED200C03C3E /* LaunchScreen.storyboard */ = {
			isa = PBXVariantGroup;
			children = (
				703D423928D15ED200C03C3E /* Base */,
			);
			name = LaunchScreen.storyboard;
			sourceTree = "<group>";
		};
/* End PBXVariantGroup section */

/* Begin XCBuildConfiguration section */
		703D423C28D15ED200C03C3E /* Debug */ = {
			isa = XCBuildConfiguration;
			buildSettings = {
				ALWAYS_SEARCH_USER_PATHS = NO;
				CLANG_ANALYZER_NONNULL = YES;
				CLANG_ANALYZER_NUMBER_OBJECT_CONVERSION = YES_AGGRESSIVE;
				CLANG_CXX_LANGUAGE_STANDARD = "gnu++20";
				CLANG_ENABLE_MODULES = YES;
				CLANG_ENABLE_OBJC_ARC = YES;
				CLANG_ENABLE_OBJC_WEAK = YES;
				CLANG_WARN_BLOCK_CAPTURE_AUTORELEASING = YES;
				CLANG_WARN_BOOL_CONVERSION = YES;
				CLANG_WARN_COMMA = YES;
				CLANG_WARN_CONSTANT_CONVERSION = YES;
				CLANG_WARN_DEPRECATED_OBJC_IMPLEMENTATIONS = YES;
				CLANG_WARN_DIRECT_OBJC_ISA_USAGE = YES_ERROR;
				CLANG_WARN_DOCUMENTATION_COMMENTS = YES;
				CLANG_WARN_EMPTY_BODY = YES;
				CLANG_WARN_ENUM_CONVERSION = YES;
				CLANG_WARN_INFINITE_RECURSION = YES;
				CLANG_WARN_INT_CONVERSION = YES;
				CLANG_WARN_NON_LITERAL_NULL_CONVERSION = YES;
				CLANG_WARN_OBJC_IMPLICIT_RETAIN_SELF = YES;
				CLANG_WARN_OBJC_LITERAL_CONVERSION = YES;
				CLANG_WARN_OBJC_ROOT_CLASS = YES_ERROR;
				CLANG_WARN_QUOTED_INCLUDE_IN_FRAMEWORK_HEADER = YES;
				CLANG_WARN_RANGE_LOOP_ANALYSIS = YES;
				CLANG_WARN_STRICT_PROTOTYPES = YES;
				CLANG_WARN_SUSPICIOUS_MOVE = YES;
				CLANG_WARN_UNGUARDED_AVAILABILITY = YES_AGGRESSIVE;
				CLANG_WARN_UNREACHABLE_CODE = YES;
				CLANG_WARN__DUPLICATE_METHOD_MATCH = YES;
				COPY_PHASE_STRIP = NO;
				DEBUG_INFORMATION_FORMAT = dwarf;
				ENABLE_STRICT_OBJC_MSGSEND = YES;
				ENABLE_TESTABILITY = YES;
				GCC_C_LANGUAGE_STANDARD = gnu11;
				GCC_DYNAMIC_NO_PIC = NO;
				GCC_NO_COMMON_BLOCKS = YES;
				GCC_OPTIMIZATION_LEVEL = 0;
				GCC_PREPROCESSOR_DEFINITIONS = (
					"DEBUG=1",
					"$(inherited)",
				);
				GCC_WARN_64_TO_32_BIT_CONVERSION = YES;
				GCC_WARN_ABOUT_RETURN_TYPE = YES_ERROR;
				GCC_WARN_UNDECLARED_SELECTOR = YES;
				GCC_WARN_UNINITIALIZED_AUTOS = YES_AGGRESSIVE;
				GCC_WARN_UNUSED_FUNCTION = YES;
				GCC_WARN_UNUSED_VARIABLE = YES;
				IPHONEOS_DEPLOYMENT_TARGET = 16.0;
				MTL_ENABLE_DEBUG_INFO = INCLUDE_SOURCE;
				MTL_FAST_MATH = YES;
				ONLY_ACTIVE_ARCH = YES;
				SDKROOT = iphoneos;
				SWIFT_ACTIVE_COMPILATION_CONDITIONS = DEBUG;
				SWIFT_OPTIMIZATION_LEVEL = "-Onone";
			};
			name = Debug;
		};
		703D423D28D15ED200C03C3E /* Release */ = {
			isa = XCBuildConfiguration;
			buildSettings = {
				ALWAYS_SEARCH_USER_PATHS = NO;
				CLANG_ANALYZER_NONNULL = YES;
				CLANG_ANALYZER_NUMBER_OBJECT_CONVERSION = YES_AGGRESSIVE;
				CLANG_CXX_LANGUAGE_STANDARD = "gnu++20";
				CLANG_ENABLE_MODULES = YES;
				CLANG_ENABLE_OBJC_ARC = YES;
				CLANG_ENABLE_OBJC_WEAK = YES;
				CLANG_WARN_BLOCK_CAPTURE_AUTORELEASING = YES;
				CLANG_WARN_BOOL_CONVERSION = YES;
				CLANG_WARN_COMMA = YES;
				CLANG_WARN_CONSTANT_CONVERSION = YES;
				CLANG_WARN_DEPRECATED_OBJC_IMPLEMENTATIONS = YES;
				CLANG_WARN_DIRECT_OBJC_ISA_USAGE = YES_ERROR;
				CLANG_WARN_DOCUMENTATION_COMMENTS = YES;
				CLANG_WARN_EMPTY_BODY = YES;
				CLANG_WARN_ENUM_CONVERSION = YES;
				CLANG_WARN_INFINITE_RECURSION = YES;
				CLANG_WARN_INT_CONVERSION = YES;
				CLANG_WARN_NON_LITERAL_NULL_CONVERSION = YES;
				CLANG_WARN_OBJC_IMPLICIT_RETAIN_SELF = YES;
				CLANG_WARN_OBJC_LITERAL_CONVERSION = YES;
				CLANG_WARN_OBJC_ROOT_CLASS = YES_ERROR;
				CLANG_WARN_QUOTED_INCLUDE_IN_FRAMEWORK_HEADER = YES;
				CLANG_WARN_RANGE_LOOP_ANALYSIS = YES;
				CLANG_WARN_STRICT_PROTOTYPES = YES;
				CLANG_WARN_SUSPICIOUS_MOVE = YES;
				CLANG_WARN_UNGUARDED_AVAILABILITY = YES_AGGRESSIVE;
				CLANG_WARN_UNREACHABLE_CODE = YES;
				CLANG_WARN__DUPLICATE_METHOD_MATCH = YES;
				COPY_PHASE_STRIP = NO;
				DEBUG_INFORMATION_FORMAT = "dwarf-with-dsym";
				ENABLE_NS_ASSERTIONS = NO;
				ENABLE_STRICT_OBJC_MSGSEND = YES;
				GCC_C_LANGUAGE_STANDARD = gnu11;
				GCC_NO_COMMON_BLOCKS = YES;
				GCC_WARN_64_TO_32_BIT_CONVERSION = YES;
				GCC_WARN_ABOUT_RETURN_TYPE = YES_ERROR;
				GCC_WARN_UNDECLARED_SELECTOR = YES;
				GCC_WARN_UNINITIALIZED_AUTOS = YES_AGGRESSIVE;
				GCC_WARN_UNUSED_FUNCTION = YES;
				GCC_WARN_UNUSED_VARIABLE = YES;
				IPHONEOS_DEPLOYMENT_TARGET = 16.0;
				MTL_ENABLE_DEBUG_INFO = NO;
				MTL_FAST_MATH = YES;
				SDKROOT = iphoneos;
				SWIFT_COMPILATION_MODE = wholemodule;
				SWIFT_OPTIMIZATION_LEVEL = "-O";
				VALIDATE_PRODUCT = YES;
			};
			name = Release;
		};
		703D423F28D15ED200C03C3E /* Debug */ = {
			isa = XCBuildConfiguration;
			buildSettings = {
				ASSETCATALOG_COMPILER_APPICON_NAME = AppIcon;
				ASSETCATALOG_COMPILER_GLOBAL_ACCENT_COLOR_NAME = AccentColor;
				CODE_SIGN_STYLE = Automatic;
				CURRENT_PROJECT_VERSION = 1;
				GENERATE_INFOPLIST_FILE = YES;
				INFOPLIST_FILE = PageControl/Info.plist;
				INFOPLIST_KEY_UIApplicationSupportsIndirectInputEvents = YES;
				INFOPLIST_KEY_UILaunchStoryboardName = LaunchScreen;
				INFOPLIST_KEY_UIMainStoryboardFile = Main;
				INFOPLIST_KEY_UISupportedInterfaceOrientations_iPad = "UIInterfaceOrientationPortrait UIInterfaceOrientationPortraitUpsideDown UIInterfaceOrientationLandscapeLeft UIInterfaceOrientationLandscapeRight";
				INFOPLIST_KEY_UISupportedInterfaceOrientations_iPhone = "UIInterfaceOrientationPortrait UIInterfaceOrientationLandscapeLeft UIInterfaceOrientationLandscapeRight";
				LD_RUNPATH_SEARCH_PATHS = (
					"$(inherited)",
					"@executable_path/Frameworks",
				);
				MARKETING_VERSION = 1.0;
				PRODUCT_BUNDLE_IDENTIFIER = com.yourcompany.PageControl;
				PRODUCT_NAME = "$(TARGET_NAME)";
				SWIFT_EMIT_LOC_STRINGS = YES;
				SWIFT_VERSION = 5.0;
				TARGETED_DEVICE_FAMILY = "1,2";
			};
			name = Debug;
		};
		703D424028D15ED200C03C3E /* Release */ = {
			isa = XCBuildConfiguration;
			buildSettings = {
				ASSETCATALOG_COMPILER_APPICON_NAME = AppIcon;
				ASSETCATALOG_COMPILER_GLOBAL_ACCENT_COLOR_NAME = AccentColor;
				CODE_SIGN_STYLE = Automatic;
				CURRENT_PROJECT_VERSION = 1;
				GENERATE_INFOPLIST_FILE = YES;
				INFOPLIST_FILE = PageControl/Info.plist;
				INFOPLIST_KEY_UIApplicationSupportsIndirectInputEvents = YES;
				INFOPLIST_KEY_UILaunchStoryboardName = LaunchScreen;
				INFOPLIST_KEY_UIMainStoryboardFile = Main;
				INFOPLIST_KEY_UISupportedInterfaceOrientations_iPad = "UIInterfaceOrientationPortrait UIInterfaceOrientationPortraitUpsideDown UIInterfaceOrientationLandscapeLeft UIInterfaceOrientationLandscapeRight";
				INFOPLIST_KEY_UISupportedInterfaceOrientations_iPhone = "UIInterfaceOrientationPortrait UIInterfaceOrientationLandscapeLeft UIInterfaceOrientationLandscapeRight";
				LD_RUNPATH_SEARCH_PATHS = (
					"$(inherited)",
					"@executable_path/Frameworks",
				);
				MARKETING_VERSION = 1.0;
				PRODUCT_BUNDLE_IDENTIFIER = com.yourcompany.PageControl;
				PRODUCT_NAME = "$(TARGET_NAME)";
				SWIFT_EMIT_LOC_STRINGS = YES;
				SWIFT_VERSION = 5.0;
				TARGETED_DEVICE_FAMILY = "1,2";
			};
			name = Release;
		};
/* End XCBuildConfiguration section */

/* Begin XCConfigurationList section */
		703D422528D15ED100C03C3E /* Build configuration list for PBXProject "PageControl" */ = {
			isa = XCConfigurationList;
			buildConfigurations = (
				703D423C28D15ED200C03C3E /* Debug */,
				703D423D28D15ED200C03C3E /* Release */,
			);
			defaultConfigurationIsVisible = 0;
			defaultConfigurationName = Release;
		};
		703D423E28D15ED200C03C3E /* Build configuration list for PBXNativeTarget "PageControl" */ = {
			isa = XCConfigurationList;
			buildConfigurations = (
				703D423F28D15ED200C03C3E /* Debug */,
				703D424028D15ED200C03C3E /* Release */,
			);
			defaultConfigurationIsVisible = 0;
			defaultConfigurationName = Release;
		};
/* End XCConfigurationList section */
	};
	rootObject = 703D422228D15ED100C03C3E /* Project object */;
}
